
Microsoft Visual Studio Solution File, Format Version 12.00
# Visual Studio Version 16
VisualStudioVersion = 16.0.30002.166
MinimumVisualStudioVersion = 10.0.40219.1
Project("{FAE04EC0-301F-11D3-BF4B-00C04F79EFBC}") = "SimioTableInterfaceStep", "SimioTableInterfaceStep.csproj", "{B820A2B0-34B2-451A-B209-3DF5289DB805}"
EndProject
Project("{FAE04EC0-301F-11D3-BF4B-00C04F79EFBC}") = "EFInterfaceStep", "CustomCalculationSample2Step\EFInterfaceStep.csproj", "{963104FC-FA84-4653-BD55-91E38A41C768}"
EndProject
Global
	GlobalSection(SolutionConfigurationPlatforms) = preSolution
		Debug|Any CPU = Debug|Any CPU
		Release|Any CPU = Release|Any CPU
	EndGlobalSection
	GlobalSection(ProjectConfigurationPlatforms) = postSolution
		{B820A2B0-34B2-451A-B209-3DF5289DB805}.Debug|Any CPU.ActiveCfg = Debug|Any CPU
		{B820A2B0-34B2-451A-B209-3DF5289DB805}.Debug|Any CPU.Build.0 = Debug|Any CPU
		{B820A2B0-34B2-451A-B209-3DF5289DB805}.Release|Any CPU.ActiveCfg = Release|Any CPU
		{B820A2B0-34B2-451A-B209-3DF5289DB805}.Release|Any CPU.Build.0 = Release|Any CPU
		{963104FC-FA84-4653-BD55-91E38A41C768}.Debug|Any CPU.ActiveCfg = Debug|Any CPU
		{963104FC-FA84-4653-BD55-91E38A41C768}.Debug|Any CPU.Build.0 = Debug|Any CPU
		{963104FC-FA84-4653-BD55-91E38A41C768}.Release|Any CPU.ActiveCfg = Release|Any CPU
		{963104FC-FA84-4653-BD55-91E38A41C768}.Release|Any CPU.Build.0 = Release|Any CPU
	EndGlobalSection
	GlobalSection(SolutionProperties) = preSolution
		HideSolutionNode = FALSE
	EndGlobalSection
	GlobalSection(ExtensibilityGlobals) = postSolution
		SolutionGuid = {EFA944FC-6649-459E-82CF-B8F188C30242}
	EndGlobalSection
EndGlobal
